
Microsoft Visual Studio Solution File, Format Version 12.00
# Visual Studio Version 17
VisualStudioVersion = 17.9.34701.34
MinimumVisualStudioVersion = 10.0.40219.1
Project("{9A19103F-16F7-4668-BE54-9A1E7A4F7556}") = "Typograph", "Typograph\Typograph.csproj", "{37EE96C8-9445-4AAE-9DD0-C8CF6BFF6C76}"
EndProject
Project("{FAE04EC0-301F-11D3-BF4B-00C04F79EFBC}") = "TestTypograph", "TestTypograph\TestTypograph.csproj", "{E608755F-39C6-4AD2-B5EF-1C3EAB87B923}"
EndProject
Global
	GlobalSection(SolutionConfigurationPlatforms) = preSolution
		Debug|Any CPU = Debug|Any CPU
		Release|Any CPU = Release|Any CPU
	EndGlobalSection
	GlobalSection(ProjectConfigurationPlatforms) = postSolution
		{37EE96C8-9445-4AAE-9DD0-C8CF6BFF6C76}.Debug|Any CPU.ActiveCfg = Debug|Any CPU
		{37EE96C8-9445-4AAE-9DD0-C8CF6BFF6C76}.Debug|Any CPU.Build.0 = Debug|Any CPU
		{37EE96C8-9445-4AAE-9DD0-C8CF6BFF6C76}.Release|Any CPU.ActiveCfg = Release|Any CPU
		{37EE96C8-9445-4AAE-9DD0-C8CF6BFF6C76}.Release|Any CPU.Build.0 = Release|Any CPU
		{E608755F-39C6-4AD2-B5EF-1C3EAB87B923}.Debug|Any CPU.ActiveCfg = Debug|Any CPU
		{E608755F-39C6-4AD2-B5EF-1C3EAB87B923}.Debug|Any CPU.Build.0 = Debug|Any CPU
		{E608755F-39C6-4AD2-B5EF-1C3EAB87B923}.Release|Any CPU.ActiveCfg = Release|Any CPU
		{E608755F-39C6-4AD2-B5EF-1C3EAB87B923}.Release|Any CPU.Build.0 = Release|Any CPU
	EndGlobalSection
	GlobalSection(SolutionProperties) = preSolution
		HideSolutionNode = FALSE
	EndGlobalSection
	GlobalSection(ExtensibilityGlobals) = postSolution
		SolutionGuid = {87DD2BC9-74C7-4C33-B959-0B0AD60647E8}
	EndGlobalSection
EndGlobal
